
Microsoft Visual Studio Solution File, Format Version 12.00
# Visual Studio 14
VisualStudioVersion = 14.0.25420.1
MinimumVisualStudioVersion = 10.0.40219.1
Project("{FAE04EC0-301F-11D3-BF4B-00C04F79EFBC}") = "Hackerrank.io", "Hackerrank.io\Hackerrank.io.csproj", "{A00EF914-4C32-40A4-9A86-13187DC8E588}"
EndProject
Project("{FAE04EC0-301F-11D3-BF4B-00C04F79EFBC}") = "ProjectEuler", "ProjectEuler\ProjectEuler.csproj", "{A695828F-A4BB-4FDC-BE57-FE5D9C520FE6}"
EndProject
Project("{FAE04EC0-301F-11D3-BF4B-00C04F79EFBC}") = "Cousera", "Cousera\Cousera.csproj", "{907B2918-8CA8-4B2D-BC51-D7FF219DF55F}"
EndProject
Global
	GlobalSection(SolutionConfigurationPlatforms) = preSolution
		Debug|Any CPU = Debug|Any CPU
		Release|Any CPU = Release|Any CPU
	EndGlobalSection
	GlobalSection(ProjectConfigurationPlatforms) = postSolution
		{A00EF914-4C32-40A4-9A86-13187DC8E588}.Debug|Any CPU.ActiveCfg = Debug|Any CPU
		{A00EF914-4C32-40A4-9A86-13187DC8E588}.Debug|Any CPU.Build.0 = Debug|Any CPU
		{A00EF914-4C32-40A4-9A86-13187DC8E588}.Release|Any CPU.ActiveCfg = Release|Any CPU
		{A00EF914-4C32-40A4-9A86-13187DC8E588}.Release|Any CPU.Build.0 = Release|Any CPU
		{A695828F-A4BB-4FDC-BE57-FE5D9C520FE6}.Debug|Any CPU.ActiveCfg = Debug|Any CPU
		{A695828F-A4BB-4FDC-BE57-FE5D9C520FE6}.Debug|Any CPU.Build.0 = Debug|Any CPU
		{A695828F-A4BB-4FDC-BE57-FE5D9C520FE6}.Release|Any CPU.ActiveCfg = Release|Any CPU
		{A695828F-A4BB-4FDC-BE57-FE5D9C520FE6}.Release|Any CPU.Build.0 = Release|Any CPU
		{907B2918-8CA8-4B2D-BC51-D7FF219DF55F}.Debug|Any CPU.ActiveCfg = Debug|Any CPU
		{907B2918-8CA8-4B2D-BC51-D7FF219DF55F}.Debug|Any CPU.Build.0 = Debug|Any CPU
		{907B2918-8CA8-4B2D-BC51-D7FF219DF55F}.Release|Any CPU.ActiveCfg = Release|Any CPU
		{907B2918-8CA8-4B2D-BC51-D7FF219DF55F}.Release|Any CPU.Build.0 = Release|Any CPU
	EndGlobalSection
	GlobalSection(SolutionProperties) = preSolution
		HideSolutionNode = FALSE
	EndGlobalSection
EndGlobal
